
Microsoft Visual Studio Solution File, Format Version 12.00
# Visual Studio Version 16
VisualStudioVersion = 16.0.31729.503
MinimumVisualStudioVersion = 10.0.40219.1
Project("{8BC9CEB8-8B4A-11D0-8D11-00A0C91BC942}") = "win_print", "win_print.vcxproj", "{BB6E65E1-A443-4817-BC58-68F5A1B6484A}"
EndProject
Global
	GlobalSection(SolutionConfigurationPlatforms) = preSolution
		Debug|x64 = Debug|x64
		Debug|x86 = Debug|x86
		Release|x64 = Release|x64
		Release|x86 = Release|x86
	EndGlobalSection
	GlobalSection(ProjectConfigurationPlatforms) = postSolution
		{BB6E65E1-A443-4817-BC58-68F5A1B6484A}.Debug|x64.ActiveCfg = Debug|x64
		{BB6E65E1-A443-4817-BC58-68F5A1B6484A}.Debug|x64.Build.0 = Debug|x64
		{BB6E65E1-A443-4817-BC58-68F5A1B6484A}.Debug|x86.ActiveCfg = Debug|Win32
		{BB6E65E1-A443-4817-BC58-68F5A1B6484A}.Debug|x86.Build.0 = Debug|Win32
		{BB6E65E1-A443-4817-BC58-68F5A1B6484A}.Release|x64.ActiveCfg = Release|x64
		{BB6E65E1-A443-4817-BC58-68F5A1B6484A}.Release|x64.Build.0 = Release|x64
		{BB6E65E1-A443-4817-BC58-68F5A1B6484A}.Release|x86.ActiveCfg = Release|Win32
		{BB6E65E1-A443-4817-BC58-68F5A1B6484A}.Release|x86.Build.0 = Release|Win32
	EndGlobalSection
	GlobalSection(SolutionProperties) = preSolution
		HideSolutionNode = FALSE
	EndGlobalSection
	GlobalSection(ExtensibilityGlobals) = postSolution
		SolutionGuid = {7BA3C649-1EF0-4EE6-8A66-DFDD125C0896}
	EndGlobalSection
EndGlobal
